// !$*UTF8*$!
{
	archiveVersion = 1;
	classes = {
	};
	objectVersion = 77;
	objects = {

/* Begin PBXBuildFile section */
		3624E179CBABD079C6A62080 /* Pods_WidgetExtensionExtension.framework in Frameworks */ = {isa = PBXBuildFile; fileRef = 4046F347D1D6F93CC8F3911D /* Pods_WidgetExtensionExtension.framework */; };
		97554DEB2D2FD5E8004ED8B1 /* WidgetKit.framework in Frameworks */ = {isa = PBXBuildFile; fileRef = 97554DEA2D2FD5E8004ED8B1 /* WidgetKit.framework */; };
		97554DED2D2FD5E8004ED8B1 /* SwiftUI.framework in Frameworks */ = {isa = PBXBuildFile; fileRef = 97554DEC2D2FD5E8004ED8B1 /* SwiftUI.framework */; };
		97554DFE2D2FD5EA004ED8B1 /* WidgetExtensionExtension.appex in Embed Foundation Extensions */ = {isa = PBXBuildFile; fileRef = 97554DE92D2FD5E8004ED8B1 /* WidgetExtensionExtension.appex */; settings = {ATTRIBUTES = (RemoveHeadersOnCopy, ); }; };
		AD036297F7A9B29C9F817F0A /* Pods_CQWidgetBundleDemo.framework in Frameworks */ = {isa = PBXBuildFile; fileRef = 5A7DF98FE04077FD0021E64B /* Pods_CQWidgetBundleDemo.framework */; };
/* End PBXBuildFile section */

/* Begin PBXContainerItemProxy section */
		97554DFC2D2FD5EA004ED8B1 /* PBXContainerItemProxy */ = {
			isa = PBXContainerItemProxy;
			containerPortal = 97554D8F2D2FA267004ED8B1 /* Project object */;
			proxyType = 1;
			remoteGlobalIDString = 97554DE82D2FD5E8004ED8B1;
			remoteInfo = WidgetExtensionExtension;
		};
/* End PBXContainerItemProxy section */

/* Begin PBXCopyFilesBuildPhase section */
		97554E032D2FD5EA004ED8B1 /* Embed Foundation Extensions */ = {
			isa = PBXCopyFilesBuildPhase;
			buildActionMask = 2147483647;
			dstPath = "";
			dstSubfolderSpec = 13;
			files = (
				97554DFE2D2FD5EA004ED8B1 /* WidgetExtensionExtension.appex in Embed Foundation Extensions */,
			);
			name = "Embed Foundation Extensions";
			runOnlyForDeploymentPostprocessing = 0;
		};
/* End PBXCopyFilesBuildPhase section */

/* Begin PBXFileReference section */
		1B6AD0B39E01AD6B5C205341 /* Pods-WidgetExtensionExtension.release.xcconfig */ = {isa = PBXFileReference; includeInIndex = 1; lastKnownFileType = text.xcconfig; name = "Pods-WidgetExtensionExtension.release.xcconfig"; path = "Target Support Files/Pods-WidgetExtensionExtension/Pods-WidgetExtensionExtension.release.xcconfig"; sourceTree = "<group>"; };
		2625593799497BC4ABCD856B /* Pods-WidgetExtensionExtension.debug.xcconfig */ = {isa = PBXFileReference; includeInIndex = 1; lastKnownFileType = text.xcconfig; name = "Pods-WidgetExtensionExtension.debug.xcconfig"; path = "Target Support Files/Pods-WidgetExtensionExtension/Pods-WidgetExtensionExtension.debug.xcconfig"; sourceTree = "<group>"; };
		2C9DF56E5FF834CC6B66C791 /* Pods-CQWidgetBundleDemo.release.xcconfig */ = {isa = PBXFileReference; includeInIndex = 1; lastKnownFileType = text.xcconfig; name = "Pods-CQWidgetBundleDemo.release.xcconfig"; path = "Target Support Files/Pods-CQWidgetBundleDemo/Pods-CQWidgetBundleDemo.release.xcconfig"; sourceTree = "<group>"; };
		4046F347D1D6F93CC8F3911D /* Pods_WidgetExtensionExtension.framework */ = {isa = PBXFileReference; explicitFileType = wrapper.framework; includeInIndex = 0; path = Pods_WidgetExtensionExtension.framework; sourceTree = BUILT_PRODUCTS_DIR; };
		5A7DF98FE04077FD0021E64B /* Pods_CQWidgetBundleDemo.framework */ = {isa = PBXFileReference; explicitFileType = wrapper.framework; includeInIndex = 0; path = Pods_CQWidgetBundleDemo.framework; sourceTree = BUILT_PRODUCTS_DIR; };
		970DFBEE2D310E660078C4BC /* WidgetExtensionExtension.entitlements */ = {isa = PBXFileReference; lastKnownFileType = text.plist.entitlements; path = WidgetExtensionExtension.entitlements; sourceTree = "<group>"; };
		97554D972D2FA267004ED8B1 /* CQWidgetBundleDemo.app */ = {isa = PBXFileReference; explicitFileType = wrapper.application; includeInIndex = 0; path = CQWidgetBundleDemo.app; sourceTree = BUILT_PRODUCTS_DIR; };
		97554DE92D2FD5E8004ED8B1 /* WidgetExtensionExtension.appex */ = {isa = PBXFileReference; explicitFileType = "wrapper.app-extension"; includeInIndex = 0; path = WidgetExtensionExtension.appex; sourceTree = BUILT_PRODUCTS_DIR; };
		97554DEA2D2FD5E8004ED8B1 /* WidgetKit.framework */ = {isa = PBXFileReference; lastKnownFileType = wrapper.framework; name = WidgetKit.framework; path = System/Library/Frameworks/WidgetKit.framework; sourceTree = SDKROOT; };
		97554DEC2D2FD5E8004ED8B1 /* SwiftUI.framework */ = {isa = PBXFileReference; lastKnownFileType = wrapper.framework; name = SwiftUI.framework; path = System/Library/Frameworks/SwiftUI.framework; sourceTree = SDKROOT; };
		F4581B17D06C8F304E596EAB /* Pods-CQWidgetBundleDemo.debug.xcconfig */ = {isa = PBXFileReference; includeInIndex = 1; lastKnownFileType = text.xcconfig; name = "Pods-CQWidgetBundleDemo.debug.xcconfig"; path = "Target Support Files/Pods-CQWidgetBundleDemo/Pods-CQWidgetBundleDemo.debug.xcconfig"; sourceTree = "<group>"; };
/* End PBXFileReference section */

/* Begin PBXFileSystemSynchronizedBuildFileExceptionSet section */
		97554DFF2D2FD5EA004ED8B1 /* Exceptions for "WidgetExtension" folder in "WidgetExtensionExtension" target */ = {
			isa = PBXFileSystemSynchronizedBuildFileExceptionSet;
			membershipExceptions = (
				Info.plist,
			);
			target = 97554DE82D2FD5E8004ED8B1 /* WidgetExtensionExtension */;
		};
		97554E232D2FE791004ED8B1 /* Exceptions for "WidgetExtension" folder in "CQWidgetBundleDemo" target */ = {
			isa = PBXFileSystemSynchronizedBuildFileExceptionSet;
			membershipExceptions = (
				ControlWidget/BaseControlWidgetView.swift,
				ControlWidget/ControlToggleWidgerValueManage.swift,
				ControlWidget/CQControlWidgetExample.swift,
				ControlWidget/Handle/BaseControlWidgetEntityHandle.swift,
				ControlWidget/Model/BaseControlWidgetEntity.swift,
				ControlWidget/View/BaseControlWidgetAnimationView.swift,
				Widget/RotateAnimateViewAndIntent1.swift,
				Widget/RotateAnimateViewAndIntent2.swift,
				Widget/RotateAnimateViewAndIntent3.swift,
				Widget/RotateAnimateViewAndIntent4.swift,
			);
			target = 97554D962D2FA267004ED8B1 /* CQWidgetBundleDemo */;
		};
		97554E272D2FE8AD004ED8B1 /* Exceptions for "CQWidgetBundleDemo" folder in "WidgetExtensionExtension" target */ = {
			isa = PBXFileSystemSynchronizedBuildFileExceptionSet;
			membershipExceptions = (
				Cache/TSCacheUtil.swift,
				Cache/TSWidgetBunldeCacheUtil.swift,
				Cache/TSWidgetEntityManager.swift,
				Common/Log/CJLogUtil.swift,
				Common/PageInfo/CJPageInfo.swift,
				Common/Test/CJTestUtil.swift,
				ControlWidget/TSControlWidgetDetailPage.swift,
				ControlWidget/TSEasyAnimationView.swift,
				Resources/ShareResources/Ayaka.gif,
				Resources/ShareResources/Cat1.gif,
				Resources/ShareResources/Cat2.gif,
				Resources/ShareResources/ShareAssets.xcassets,
				Resources/ShareResources/transformer.gif,
				TSGifPage.swift,
				TSHomePage.swift,
				TSMyWidgetHomePage.swift,
			);
			target = 97554DE82D2FD5E8004ED8B1 /* WidgetExtensionExtension */;
		};
/* End PBXFileSystemSynchronizedBuildFileExceptionSet section */

/* Begin PBXFileSystemSynchronizedRootGroup section */
		97554D992D2FA267004ED8B1 /* CQWidgetBundleDemo */ = {
			isa = PBXFileSystemSynchronizedRootGroup;
			exceptions = (
				97554E272D2FE8AD004ED8B1 /* Exceptions for "CQWidgetBundleDemo" folder in "WidgetExtensionExtension" target */,
			);
			path = CQWidgetBundleDemo;
			sourceTree = "<group>";
		};
		97554DEE2D2FD5E8004ED8B1 /* WidgetExtension */ = {
			isa = PBXFileSystemSynchronizedRootGroup;
			exceptions = (
				97554E232D2FE791004ED8B1 /* Exceptions for "WidgetExtension" folder in "CQWidgetBundleDemo" target */,
				97554DFF2D2FD5EA004ED8B1 /* Exceptions for "WidgetExtension" folder in "WidgetExtensionExtension" target */,
			);
			path = WidgetExtension;
			sourceTree = "<group>";
		};
/* End PBXFileSystemSynchronizedRootGroup section */

/* Begin PBXFrameworksBuildPhase section */
		97554D942D2FA267004ED8B1 /* Frameworks */ = {
			isa = PBXFrameworksBuildPhase;
			buildActionMask = 2147483647;
			files = (
				AD036297F7A9B29C9F817F0A /* Pods_CQWidgetBundleDemo.framework in Frameworks */,
			);
			runOnlyForDeploymentPostprocessing = 0;
		};
		97554DE62D2FD5E8004ED8B1 /* Frameworks */ = {
			isa = PBXFrameworksBuildPhase;
			buildActionMask = 2147483647;
			files = (
				97554DED2D2FD5E8004ED8B1 /* SwiftUI.framework in Frameworks */,
				97554DEB2D2FD5E8004ED8B1 /* WidgetKit.framework in Frameworks */,
				3624E179CBABD079C6A62080 /* Pods_WidgetExtensionExtension.framework in Frameworks */,
			);
			runOnlyForDeploymentPostprocessing = 0;
		};
/* End PBXFrameworksBuildPhase section */

/* Begin PBXGroup section */
		3324AD3A9AED8550AC561B9A /* Pods */ = {
			isa = PBXGroup;
			children = (
				F4581B17D06C8F304E596EAB /* Pods-CQWidgetBundleDemo.debug.xcconfig */,
				2C9DF56E5FF834CC6B66C791 /* Pods-CQWidgetBundleDemo.release.xcconfig */,
				2625593799497BC4ABCD856B /* Pods-WidgetExtensionExtension.debug.xcconfig */,
				1B6AD0B39E01AD6B5C205341 /* Pods-WidgetExtensionExtension.release.xcconfig */,
			);
			path = Pods;
			sourceTree = "<group>";
		};
		648D305701FA4E9E10CCADF3 /* Frameworks */ = {
			isa = PBXGroup;
			children = (
				5A7DF98FE04077FD0021E64B /* Pods_CQWidgetBundleDemo.framework */,
				97554DEA2D2FD5E8004ED8B1 /* WidgetKit.framework */,
				97554DEC2D2FD5E8004ED8B1 /* SwiftUI.framework */,
				4046F347D1D6F93CC8F3911D /* Pods_WidgetExtensionExtension.framework */,
			);
			name = Frameworks;
			sourceTree = "<group>";
		};
		97554D8E2D2FA267004ED8B1 = {
			isa = PBXGroup;
			children = (
				970DFBEE2D310E660078C4BC /* WidgetExtensionExtension.entitlements */,
				97554D992D2FA267004ED8B1 /* CQWidgetBundleDemo */,
				97554DEE2D2FD5E8004ED8B1 /* WidgetExtension */,
				97554D982D2FA267004ED8B1 /* Products */,
				3324AD3A9AED8550AC561B9A /* Pods */,
				648D305701FA4E9E10CCADF3 /* Frameworks */,
			);
			sourceTree = "<group>";
		};
		97554D982D2FA267004ED8B1 /* Products */ = {
			isa = PBXGroup;
			children = (
				97554D972D2FA267004ED8B1 /* CQWidgetBundleDemo.app */,
				97554DE92D2FD5E8004ED8B1 /* WidgetExtensionExtension.appex */,
			);
			name = Products;
			sourceTree = "<group>";
		};
/* End PBXGroup section */

/* Begin PBXNativeTarget section */
		97554D962D2FA267004ED8B1 /* CQWidgetBundleDemo */ = {
			isa = PBXNativeTarget;
			buildConfigurationList = 97554DA52D2FA269004ED8B1 /* Build configuration list for PBXNativeTarget "CQWidgetBundleDemo" */;
			buildPhases = (
				7EE6B536E4C454FA95587817 /* [CP] Check Pods Manifest.lock */,
				97554D932D2FA267004ED8B1 /* Sources */,
				97554D942D2FA267004ED8B1 /* Frameworks */,
				97554D952D2FA267004ED8B1 /* Resources */,
				02425FE7A14B978EB161DCBA /* [CP] Embed Pods Frameworks */,
				97554E032D2FD5EA004ED8B1 /* Embed Foundation Extensions */,
			);
			buildRules = (
			);
			dependencies = (
				97554DFD2D2FD5EA004ED8B1 /* PBXTargetDependency */,
			);
			fileSystemSynchronizedGroups = (
				97554D992D2FA267004ED8B1 /* CQWidgetBundleDemo */,
			);
			name = CQWidgetBundleDemo;
			productName = CQWidgetBundleDemo;
			productReference = 97554D972D2FA267004ED8B1 /* CQWidgetBundleDemo.app */;
			productType = "com.apple.product-type.application";
		};
		97554DE82D2FD5E8004ED8B1 /* WidgetExtensionExtension */ = {
			isa = PBXNativeTarget;
			buildConfigurationList = 97554E002D2FD5EA004ED8B1 /* Build configuration list for PBXNativeTarget "WidgetExtensionExtension" */;
			buildPhases = (
				823E2A55BBCE31B3DC15A9C1 /* [CP] Check Pods Manifest.lock */,
				97554DE52D2FD5E8004ED8B1 /* Sources */,
				97554DE62D2FD5E8004ED8B1 /* Frameworks */,
				97554DE72D2FD5E8004ED8B1 /* Resources */,
			);
			buildRules = (
			);
			dependencies = (
			);
			fileSystemSynchronizedGroups = (
				97554DEE2D2FD5E8004ED8B1 /* WidgetExtension */,
			);
			name = WidgetExtensionExtension;
			productName = WidgetExtensionExtension;
			productReference = 97554DE92D2FD5E8004ED8B1 /* WidgetExtensionExtension.appex */;
			productType = "com.apple.product-type.app-extension";
		};
/* End PBXNativeTarget section */

/* Begin PBXProject section */
		97554D8F2D2FA267004ED8B1 /* Project object */ = {
			isa = PBXProject;
			attributes = {
				BuildIndependentTargetsInParallel = 1;
				LastSwiftUpdateCheck = 1610;
				LastUpgradeCheck = 1610;
				TargetAttributes = {
					97554D962D2FA267004ED8B1 = {
						CreatedOnToolsVersion = 16.1;
					};
					97554DE82D2FD5E8004ED8B1 = {
						CreatedOnToolsVersion = 16.1;
					};
				};
			};
			buildConfigurationList = 97554D922D2FA267004ED8B1 /* Build configuration list for PBXProject "CQWidgetBundleDemo" */;
			developmentRegion = en;
			hasScannedForEncodings = 0;
			knownRegions = (
				en,
				Base,
			);
			mainGroup = 97554D8E2D2FA267004ED8B1;
			minimizedProjectReferenceProxies = 1;
			preferredProjectObjectVersion = 77;
			productRefGroup = 97554D982D2FA267004ED8B1 /* Products */;
			projectDirPath = "";
			projectRoot = "";
			targets = (
				97554D962D2FA267004ED8B1 /* CQWidgetBundleDemo */,
				97554DE82D2FD5E8004ED8B1 /* WidgetExtensionExtension */,
			);
		};
/* End PBXProject section */

/* Begin PBXResourcesBuildPhase section */
		97554D952D2FA267004ED8B1 /* Resources */ = {
			isa = PBXResourcesBuildPhase;
			buildActionMask = 2147483647;
			files = (
			);
			runOnlyForDeploymentPostprocessing = 0;
		};
		97554DE72D2FD5E8004ED8B1 /* Resources */ = {
			isa = PBXResourcesBuildPhase;
			buildActionMask = 2147483647;
			files = (
			);
			runOnlyForDeploymentPostprocessing = 0;
		};
/* End PBXResourcesBuildPhase section */

/* Begin PBXShellScriptBuildPhase section */
		02425FE7A14B978EB161DCBA /* [CP] Embed Pods Frameworks */ = {
			isa = PBXShellScriptBuildPhase;
			buildActionMask = 2147483647;
			files = (
			);
			inputFileListPaths = (
				"${PODS_ROOT}/Target Support Files/Pods-CQWidgetBundleDemo/Pods-CQWidgetBundleDemo-frameworks-${CONFIGURATION}-input-files.xcfilelist",
			);
			name = "[CP] Embed Pods Frameworks";
			outputFileListPaths = (
				"${PODS_ROOT}/Target Support Files/Pods-CQWidgetBundleDemo/Pods-CQWidgetBundleDemo-frameworks-${CONFIGURATION}-output-files.xcfilelist",
			);
			runOnlyForDeploymentPostprocessing = 0;
			shellPath = /bin/sh;
			shellScript = "\"${PODS_ROOT}/Target Support Files/Pods-CQWidgetBundleDemo/Pods-CQWidgetBundleDemo-frameworks.sh\"\n";
			showEnvVarsInLog = 0;
		};
		7EE6B536E4C454FA95587817 /* [CP] Check Pods Manifest.lock */ = {
			isa = PBXShellScriptBuildPhase;
			buildActionMask = 2147483647;
			files = (
			);
			inputFileListPaths = (
			);
			inputPaths = (
				"${PODS_PODFILE_DIR_PATH}/Podfile.lock",
				"${PODS_ROOT}/Manifest.lock",
			);
			name = "[CP] Check Pods Manifest.lock";
			outputFileListPaths = (
			);
			outputPaths = (
				"$(DERIVED_FILE_DIR)/Pods-CQWidgetBundleDemo-checkManifestLockResult.txt",
			);
			runOnlyForDeploymentPostprocessing = 0;
			shellPath = /bin/sh;
			shellScript = "diff \"${PODS_PODFILE_DIR_PATH}/Podfile.lock\" \"${PODS_ROOT}/Manifest.lock\" > /dev/null\nif [ $? != 0 ] ; then\n    # print error to STDERR\n    echo \"error: The sandbox is not in sync with the Podfile.lock. Run 'pod install' or update your CocoaPods installation.\" >&2\n    exit 1\nfi\n# This output is used by Xcode 'outputs' to avoid re-running this script phase.\necho \"SUCCESS\" > \"${SCRIPT_OUTPUT_FILE_0}\"\n";
			showEnvVarsInLog = 0;
		};
		823E2A55BBCE31B3DC15A9C1 /* [CP] Check Pods Manifest.lock */ = {
			isa = PBXShellScriptBuildPhase;
			buildActionMask = 2147483647;
			files = (
			);
			inputFileListPaths = (
			);
			inputPaths = (
				"${PODS_PODFILE_DIR_PATH}/Podfile.lock",
				"${PODS_ROOT}/Manifest.lock",
			);
			name = "[CP] Check Pods Manifest.lock";
			outputFileListPaths = (
			);
			outputPaths = (
				"$(DERIVED_FILE_DIR)/Pods-WidgetExtensionExtension-checkManifestLockResult.txt",
			);
			runOnlyForDeploymentPostprocessing = 0;
			shellPath = /bin/sh;
			shellScript = "diff \"${PODS_PODFILE_DIR_PATH}/Podfile.lock\" \"${PODS_ROOT}/Manifest.lock\" > /dev/null\nif [ $? != 0 ] ; then\n    # print error to STDERR\n    echo \"error: The sandbox is not in sync with the Podfile.lock. Run 'pod install' or update your CocoaPods installation.\" >&2\n    exit 1\nfi\n# This output is used by Xcode 'outputs' to avoid re-running this script phase.\necho \"SUCCESS\" > \"${SCRIPT_OUTPUT_FILE_0}\"\n";
			showEnvVarsInLog = 0;
		};
/* End PBXShellScriptBuildPhase section */

/* Begin PBXSourcesBuildPhase section */
		97554D932D2FA267004ED8B1 /* Sources */ = {
			isa = PBXSourcesBuildPhase;
			buildActionMask = 2147483647;
			files = (
			);
			runOnlyForDeploymentPostprocessing = 0;
		};
		97554DE52D2FD5E8004ED8B1 /* Sources */ = {
			isa = PBXSourcesBuildPhase;
			buildActionMask = 2147483647;
			files = (
			);
			runOnlyForDeploymentPostprocessing = 0;
		};
/* End PBXSourcesBuildPhase section */

/* Begin PBXTargetDependency section */
		97554DFD2D2FD5EA004ED8B1 /* PBXTargetDependency */ = {
			isa = PBXTargetDependency;
			target = 97554DE82D2FD5E8004ED8B1 /* WidgetExtensionExtension */;
			targetProxy = 97554DFC2D2FD5EA004ED8B1 /* PBXContainerItemProxy */;
		};
/* End PBXTargetDependency section */

/* Begin XCBuildConfiguration section */
		97554DA32D2FA269004ED8B1 /* Debug */ = {
			isa = XCBuildConfiguration;
			buildSettings = {
				ALWAYS_SEARCH_USER_PATHS = NO;
				ASSETCATALOG_COMPILER_GENERATE_SWIFT_ASSET_SYMBOL_EXTENSIONS = YES;
				CLANG_ANALYZER_NONNULL = YES;
				CLANG_ANALYZER_NUMBER_OBJECT_CONVERSION = YES_AGGRESSIVE;
				CLANG_CXX_LANGUAGE_STANDARD = "gnu++20";
				CLANG_ENABLE_MODULES = YES;
				CLANG_ENABLE_OBJC_ARC = YES;
				CLANG_ENABLE_OBJC_WEAK = YES;
				CLANG_WARN_BLOCK_CAPTURE_AUTORELEASING = YES;
				CLANG_WARN_BOOL_CONVERSION = YES;
				CLANG_WARN_COMMA = YES;
				CLANG_WARN_CONSTANT_CONVERSION = YES;
				CLANG_WARN_DEPRECATED_OBJC_IMPLEMENTATIONS = YES;
				CLANG_WARN_DIRECT_OBJC_ISA_USAGE = YES_ERROR;
				CLANG_WARN_DOCUMENTATION_COMMENTS = YES;
				CLANG_WARN_EMPTY_BODY = YES;
				CLANG_WARN_ENUM_CONVERSION = YES;
				CLANG_WARN_INFINITE_RECURSION = YES;
				CLANG_WARN_INT_CONVERSION = YES;
				CLANG_WARN_NON_LITERAL_NULL_CONVERSION = YES;
				CLANG_WARN_OBJC_IMPLICIT_RETAIN_SELF = YES;
				CLANG_WARN_OBJC_LITERAL_CONVERSION = YES;
				CLANG_WARN_OBJC_ROOT_CLASS = YES_ERROR;
				CLANG_WARN_QUOTED_INCLUDE_IN_FRAMEWORK_HEADER = YES;
				CLANG_WARN_RANGE_LOOP_ANALYSIS = YES;
				CLANG_WARN_STRICT_PROTOTYPES = YES;
				CLANG_WARN_SUSPICIOUS_MOVE = YES;
				CLANG_WARN_UNGUARDED_AVAILABILITY = YES_AGGRESSIVE;
				CLANG_WARN_UNREACHABLE_CODE = YES;
				CLANG_WARN__DUPLICATE_METHOD_MATCH = YES;
				COPY_PHASE_STRIP = NO;
				DEBUG_INFORMATION_FORMAT = dwarf;
				ENABLE_STRICT_OBJC_MSGSEND = YES;
				ENABLE_TESTABILITY = YES;
				ENABLE_USER_SCRIPT_SANDBOXING = NO;
				GCC_C_LANGUAGE_STANDARD = gnu17;
				GCC_DYNAMIC_NO_PIC = NO;
				GCC_NO_COMMON_BLOCKS = YES;
				GCC_OPTIMIZATION_LEVEL = 0;
				GCC_PREPROCESSOR_DEFINITIONS = (
					"DEBUG=1",
					"$(inherited)",
				);
				GCC_WARN_64_TO_32_BIT_CONVERSION = YES;
				GCC_WARN_ABOUT_RETURN_TYPE = YES_ERROR;
				GCC_WARN_UNDECLARED_SELECTOR = YES;
				GCC_WARN_UNINITIALIZED_AUTOS = YES_AGGRESSIVE;
				GCC_WARN_UNUSED_FUNCTION = YES;
				GCC_WARN_UNUSED_VARIABLE = YES;
				IPHONEOS_DEPLOYMENT_TARGET = 17.6;
				LOCALIZATION_PREFERS_STRING_CATALOGS = YES;
				MTL_ENABLE_DEBUG_INFO = INCLUDE_SOURCE;
				MTL_FAST_MATH = YES;
				ONLY_ACTIVE_ARCH = YES;
				SDKROOT = iphoneos;
				SWIFT_ACTIVE_COMPILATION_CONDITIONS = "DEBUG $(inherited)";
				SWIFT_OPTIMIZATION_LEVEL = "-Onone";
			};
			name = Debug;
		};
		97554DA42D2FA269004ED8B1 /* Release */ = {
			isa = XCBuildConfiguration;
			buildSettings = {
				ALWAYS_SEARCH_USER_PATHS = NO;
				ASSETCATALOG_COMPILER_GENERATE_SWIFT_ASSET_SYMBOL_EXTENSIONS = YES;
				CLANG_ANALYZER_NONNULL = YES;
				CLANG_ANALYZER_NUMBER_OBJECT_CONVERSION = YES_AGGRESSIVE;
				CLANG_CXX_LANGUAGE_STANDARD = "gnu++20";
				CLANG_ENABLE_MODULES = YES;
				CLANG_ENABLE_OBJC_ARC = YES;
				CLANG_ENABLE_OBJC_WEAK = YES;
				CLANG_WARN_BLOCK_CAPTURE_AUTORELEASING = YES;
				CLANG_WARN_BOOL_CONVERSION = YES;
				CLANG_WARN_COMMA = YES;
				CLANG_WARN_CONSTANT_CONVERSION = YES;
				CLANG_WARN_DEPRECATED_OBJC_IMPLEMENTATIONS = YES;
				CLANG_WARN_DIRECT_OBJC_ISA_USAGE = YES_ERROR;
				CLANG_WARN_DOCUMENTATION_COMMENTS = YES;
				CLANG_WARN_EMPTY_BODY = YES;
				CLANG_WARN_ENUM_CONVERSION = YES;
				CLANG_WARN_INFINITE_RECURSION = YES;
				CLANG_WARN_INT_CONVERSION = YES;
				CLANG_WARN_NON_LITERAL_NULL_CONVERSION = YES;
				CLANG_WARN_OBJC_IMPLICIT_RETAIN_SELF = YES;
				CLANG_WARN_OBJC_LITERAL_CONVERSION = YES;
				CLANG_WARN_OBJC_ROOT_CLASS = YES_ERROR;
				CLANG_WARN_QUOTED_INCLUDE_IN_FRAMEWORK_HEADER = YES;
				CLANG_WARN_RANGE_LOOP_ANALYSIS = YES;
				CLANG_WARN_STRICT_PROTOTYPES = YES;
				CLANG_WARN_SUSPICIOUS_MOVE = YES;
				CLANG_WARN_UNGUARDED_AVAILABILITY = YES_AGGRESSIVE;
				CLANG_WARN_UNREACHABLE_CODE = YES;
				CLANG_WARN__DUPLICATE_METHOD_MATCH = YES;
				COPY_PHASE_STRIP = NO;
				DEBUG_INFORMATION_FORMAT = "dwarf-with-dsym";
				ENABLE_NS_ASSERTIONS = NO;
				ENABLE_STRICT_OBJC_MSGSEND = YES;
				ENABLE_USER_SCRIPT_SANDBOXING = NO;
				GCC_C_LANGUAGE_STANDARD = gnu17;
				GCC_NO_COMMON_BLOCKS = YES;
				GCC_WARN_64_TO_32_BIT_CONVERSION = YES;
				GCC_WARN_ABOUT_RETURN_TYPE = YES_ERROR;
				GCC_WARN_UNDECLARED_SELECTOR = YES;
				GCC_WARN_UNINITIALIZED_AUTOS = YES_AGGRESSIVE;
				GCC_WARN_UNUSED_FUNCTION = YES;
				GCC_WARN_UNUSED_VARIABLE = YES;
				IPHONEOS_DEPLOYMENT_TARGET = 17.6;
				LOCALIZATION_PREFERS_STRING_CATALOGS = YES;
				MTL_ENABLE_DEBUG_INFO = NO;
				MTL_FAST_MATH = YES;
				SDKROOT = iphoneos;
				SWIFT_COMPILATION_MODE = wholemodule;
				VALIDATE_PRODUCT = YES;
			};
			name = Release;
		};
		97554DA62D2FA269004ED8B1 /* Debug */ = {
			isa = XCBuildConfiguration;
			baseConfigurationReference = F4581B17D06C8F304E596EAB /* Pods-CQWidgetBundleDemo.debug.xcconfig */;
			buildSettings = {
				ASSETCATALOG_COMPILER_APPICON_NAME = AppIcon;
				ASSETCATALOG_COMPILER_GLOBAL_ACCENT_COLOR_NAME = AccentColor;
				CODE_SIGN_ENTITLEMENTS = CQWidgetBundleDemo/CQWidgetBundleDemo.entitlements;
				CODE_SIGN_STYLE = Automatic;
				CURRENT_PROJECT_VERSION = 1;
				DEVELOPMENT_ASSET_PATHS = "\"CQWidgetBundleDemo/Preview Content\"";
				DEVELOPMENT_TEAM = XF866W89WA;
				ENABLE_PREVIEWS = YES;
				GENERATE_INFOPLIST_FILE = YES;
				INFOPLIST_KEY_UIApplicationSceneManifest_Generation = YES;
				INFOPLIST_KEY_UIApplicationSupportsIndirectInputEvents = YES;
				INFOPLIST_KEY_UILaunchScreen_Generation = YES;
				INFOPLIST_KEY_UISupportedInterfaceOrientations_iPad = "UIInterfaceOrientationPortrait UIInterfaceOrientationPortraitUpsideDown UIInterfaceOrientationLandscapeLeft UIInterfaceOrientationLandscapeRight";
				INFOPLIST_KEY_UISupportedInterfaceOrientations_iPhone = "UIInterfaceOrientationPortrait UIInterfaceOrientationLandscapeLeft UIInterfaceOrientationLandscapeRight";
				IPHONEOS_DEPLOYMENT_TARGET = 17.6;
				LD_RUNPATH_SEARCH_PATHS = (
					"$(inherited)",
					"@executable_path/Frameworks",
				);
				MARKETING_VERSION = 1.0;
				PRODUCT_BUNDLE_IDENTIFIER = com.dvlproad.CQWidgetBundleDemo;
				PRODUCT_NAME = "$(TARGET_NAME)";
				SWIFT_EMIT_LOC_STRINGS = YES;
				SWIFT_VERSION = 5.0;
				TARGETED_DEVICE_FAMILY = "1,2";
			};
			name = Debug;
		};
		97554DA72D2FA269004ED8B1 /* Release */ = {
			isa = XCBuildConfiguration;
			baseConfigurationReference = 2C9DF56E5FF834CC6B66C791 /* Pods-CQWidgetBundleDemo.release.xcconfig */;
			buildSettings = {
				ASSETCATALOG_COMPILER_APPICON_NAME = AppIcon;
				ASSETCATALOG_COMPILER_GLOBAL_ACCENT_COLOR_NAME = AccentColor;
				CODE_SIGN_ENTITLEMENTS = CQWidgetBundleDemo/CQWidgetBundleDemo.entitlements;
				CODE_SIGN_STYLE = Automatic;
				CURRENT_PROJECT_VERSION = 1;
				DEVELOPMENT_ASSET_PATHS = "\"CQWidgetBundleDemo/Preview Content\"";
				DEVELOPMENT_TEAM = XF866W89WA;
				ENABLE_PREVIEWS = YES;
				GENERATE_INFOPLIST_FILE = YES;
				INFOPLIST_KEY_UIApplicationSceneManifest_Generation = YES;
				INFOPLIST_KEY_UIApplicationSupportsIndirectInputEvents = YES;
				INFOPLIST_KEY_UILaunchScreen_Generation = YES;
				INFOPLIST_KEY_UISupportedInterfaceOrientations_iPad = "UIInterfaceOrientationPortrait UIInterfaceOrientationPortraitUpsideDown UIInterfaceOrientationLandscapeLeft UIInterfaceOrientationLandscapeRight";
				INFOPLIST_KEY_UISupportedInterfaceOrientations_iPhone = "UIInterfaceOrientationPortrait UIInterfaceOrientationLandscapeLeft UIInterfaceOrientationLandscapeRight";
				IPHONEOS_DEPLOYMENT_TARGET = 17.6;
				LD_RUNPATH_SEARCH_PATHS = (
					"$(inherited)",
					"@executable_path/Frameworks",
				);
				MARKETING_VERSION = 1.0;
				PRODUCT_BUNDLE_IDENTIFIER = com.dvlproad.CQWidgetBundleDemo;
				PRODUCT_NAME = "$(TARGET_NAME)";
				SWIFT_EMIT_LOC_STRINGS = YES;
				SWIFT_VERSION = 5.0;
				TARGETED_DEVICE_FAMILY = "1,2";
			};
			name = Release;
		};
		97554E012D2FD5EA004ED8B1 /* Debug */ = {
			isa = XCBuildConfiguration;
			baseConfigurationReference = 2625593799497BC4ABCD856B /* Pods-WidgetExtensionExtension.debug.xcconfig */;
			buildSettings = {
				ASSETCATALOG_COMPILER_GLOBAL_ACCENT_COLOR_NAME = AccentColor;
				ASSETCATALOG_COMPILER_WIDGET_BACKGROUND_COLOR_NAME = WidgetBackground;
				CODE_SIGN_ENTITLEMENTS = WidgetExtensionExtension.entitlements;
				CODE_SIGN_STYLE = Automatic;
				CURRENT_PROJECT_VERSION = 1;
				DEVELOPMENT_TEAM = XF866W89WA;
				GENERATE_INFOPLIST_FILE = YES;
				INFOPLIST_FILE = WidgetExtension/Info.plist;
				INFOPLIST_KEY_CFBundleDisplayName = WidgetExtension;
				INFOPLIST_KEY_NSHumanReadableCopyright = "";
				IPHONEOS_DEPLOYMENT_TARGET = 17.6;
				LD_RUNPATH_SEARCH_PATHS = (
					"$(inherited)",
					"@executable_path/Frameworks",
					"@executable_path/../../Frameworks",
				);
				MARKETING_VERSION = 1.0;
				PRODUCT_BUNDLE_IDENTIFIER = com.dvlproad.CQWidgetBundleDemo.WidgetExtension;
				PRODUCT_NAME = "$(TARGET_NAME)";
				SKIP_INSTALL = YES;
				SWIFT_EMIT_LOC_STRINGS = YES;
				SWIFT_VERSION = 5.0;
				TARGETED_DEVICE_FAMILY = "1,2";
			};
			name = Debug;
		};
		97554E022D2FD5EA004ED8B1 /* Release */ = {
			isa = XCBuildConfiguration;
			baseConfigurationReference = 1B6AD0B39E01AD6B5C205341 /* Pods-WidgetExtensionExtension.release.xcconfig */;
			buildSettings = {
				ASSETCATALOG_COMPILER_GLOBAL_ACCENT_COLOR_NAME = AccentColor;
				ASSETCATALOG_COMPILER_WIDGET_BACKGROUND_COLOR_NAME = WidgetBackground;
				CODE_SIGN_ENTITLEMENTS = WidgetExtensionExtension.entitlements;
				CODE_SIGN_STYLE = Automatic;
				CURRENT_PROJECT_VERSION = 1;
				DEVELOPMENT_TEAM = XF866W89WA;
				GENERATE_INFOPLIST_FILE = YES;
				INFOPLIST_FILE = WidgetExtension/Info.plist;
				INFOPLIST_KEY_CFBundleDisplayName = WidgetExtension;
				INFOPLIST_KEY_NSHumanReadableCopyright = "";
				IPHONEOS_DEPLOYMENT_TARGET = 17.6;
				LD_RUNPATH_SEARCH_PATHS = (
					"$(inherited)",
					"@executable_path/Frameworks",
					"@executable_path/../../Frameworks",
				);
				MARKETING_VERSION = 1.0;
				PRODUCT_BUNDLE_IDENTIFIER = com.dvlproad.CQWidgetBundleDemo.WidgetExtension;
				PRODUCT_NAME = "$(TARGET_NAME)";
				SKIP_INSTALL = YES;
				SWIFT_EMIT_LOC_STRINGS = YES;
				SWIFT_VERSION = 5.0;
				TARGETED_DEVICE_FAMILY = "1,2";
			};
			name = Release;
		};
/* End XCBuildConfiguration section */

/* Begin XCConfigurationList section */
		97554D922D2FA267004ED8B1 /* Build configuration list for PBXProject "CQWidgetBundleDemo" */ = {
			isa = XCConfigurationList;
			buildConfigurations = (
				97554DA32D2FA269004ED8B1 /* Debug */,
				97554DA42D2FA269004ED8B1 /* Release */,
			);
			defaultConfigurationIsVisible = 0;
			defaultConfigurationName = Release;
		};
		97554DA52D2FA269004ED8B1 /* Build configuration list for PBXNativeTarget "CQWidgetBundleDemo" */ = {
			isa = XCConfigurationList;
			buildConfigurations = (
				97554DA62D2FA269004ED8B1 /* Debug */,
				97554DA72D2FA269004ED8B1 /* Release */,
			);
			defaultConfigurationIsVisible = 0;
			defaultConfigurationName = Release;
		};
		97554E002D2FD5EA004ED8B1 /* Build configuration list for PBXNativeTarget "WidgetExtensionExtension" */ = {
			isa = XCConfigurationList;
			buildConfigurations = (
				97554E012D2FD5EA004ED8B1 /* Debug */,
				97554E022D2FD5EA004ED8B1 /* Release */,
			);
			defaultConfigurationIsVisible = 0;
			defaultConfigurationName = Release;
		};
/* End XCConfigurationList section */
	};
	rootObject = 97554D8F2D2FA267004ED8B1 /* Project object */;
}
