PODS:
  - CJAnimationKit-Swift (0.0.1):
    - CJAnimationKit-Swift/Extension (= 0.0.1)
  - CJAnimationKit-Swift/Extension (0.0.1)
  - CJImageKit-Swift (0.0.1):
    - CJImageKit-Swift/Gif (= 0.0.1)
  - CJImageKit-Swift/Gif (0.0.1)
  - CJViewElement-Swift (0.0.1):
    - CJViewElement-Swift/CommonSettingRow (= 0.0.1)
    - CJViewElement-Swift/ComponentConfigModel (= 0.0.1)
    - CJViewElement-Swift/Extension (= 0.0.1)
    - CJViewElement-Swift/LayoutInputView (= 0.0.1)
    - CJViewElement-Swift/Model (= 0.0.1)
    - CJViewElement-Swift/SquareResultView (= 0.0.1)
  - CJViewElement-Swift/CommonSettingRow (0.0.1):
    - CJViewElement-Swift/ComponentConfigModel
    - CJViewElement-Swift/LayoutInputView
  - CJViewElement-Swift/ComponentConfigModel (0.0.1):
    - CJViewElement-Swift/Model
  - CJViewElement-Swift/Extension (0.0.1)
  - CJViewElement-Swift/LayoutInputView (0.0.1)
  - CJViewElement-Swift/Model (0.0.1):
    - CJViewElement-Swift/Extension
  - CJViewElement-Swift/SquareResultView (0.0.1):
    - CJViewElement-Swift/ComponentConfigModel
  - CJWidgetKit-Swift (0.0.1):
    - CJWidgetKit-Swift/Gif (= 0.0.1)
  - CJWidgetKit-Swift/Gif (0.0.1):
    - CJImageKit-Swift/Gif
    - SwingAnimation
  - CocoaLumberjack (3.8.5):
    - CocoaLumberjack/Core (= 3.8.5)
  - CocoaLumberjack/Core (3.8.5)
  - CQDemoKit (0.8.0):
    - CQDemoKit/Auxiliary (= 0.8.0)
    - CQDemoKit/BaseUIKit (= 0.8.0)
    - CQDemoKit/BaseUtil (= 0.8.0)
    - CQDemoKit/BaseVC (= 0.8.0)
    - CQDemoKit/Demo_DataSourceAndDelegate (= 0.8.0)
    - CQDemoKit/Demo_Resource (= 0.8.0)
    - CQDemoKit/Demo_RipeView (= 0.8.0)
    - CQDemoKit/Helper (= 0.8.0)
    - CQDemoKit/Monitor (= 0.8.0)
  - CQDemoKit-Swift (0.0.1):
    - CQDemoKit
    - CQDemoKit-Swift/CQDemoKit-OC (= 0.0.1)
    - CQDemoKit-Swift/SwiftUI (= 0.0.1)
  - CQDemoKit-Swift/CQDemoKit-OC (0.0.1):
    - CQDemoKit
  - CQDemoKit-Swift/SwiftUI (0.0.1):
    - CQDemoKit
  - CQDemoKit/Auxiliary (0.8.0):
    - Masonry
  - CQDemoKit/BaseUIKit (0.8.0):
    - Masonry
  - CQDemoKit/BaseUtil (0.8.0)
  - CQDemoKit/BaseVC (0.8.0):
    - CQDemoKit/BaseVC/Base (= 0.8.0)
    - CQDemoKit/BaseVC/Collection (= 0.8.0)
    - CQDemoKit/BaseVC/ScrollView (= 0.8.0)
    - CQDemoKit/BaseVC/TabBar (= 0.8.0)
    - CQDemoKit/BaseVC/TableView (= 0.8.0)
    - CQDemoKit/BaseVC/TextView (= 0.8.0)
  - CQDemoKit/BaseVC/Base (0.8.0):
    - CQDemoKit/BaseUIKit
    - Masonry
  - CQDemoKit/BaseVC/Collection (0.8.0):
    - CQDemoKit/BaseVC/Base
  - CQDemoKit/BaseVC/ScrollView (0.8.0):
    - CQDemoKit/BaseVC/Base
  - CQDemoKit/BaseVC/TabBar (0.8.0):
    - CQDemoKit/Helper
  - CQDemoKit/BaseVC/TableView (0.8.0):
    - CQDemoKit/BaseVC/Base
  - CQDemoKit/BaseVC/TextView (0.8.0):
    - CQDemoKit/BaseUtil
    - CQDemoKit/BaseVC/Base
  - CQDemoKit/Demo_DataSourceAndDelegate (0.8.0):
    - CQDemoKit/BaseVC
    - CQDemoKit/Demo_Resource
  - CQDemoKit/Demo_Resource (0.8.0):
    - CQDemoKit/BaseUIKit
    - CQDemoKit/Helper
  - CQDemoKit/Demo_RipeView (0.8.0):
    - CQDemoKit/BaseUIKit
    - CQDemoKit/BaseUtil
    - CQDemoKit/Demo_DataSourceAndDelegate
    - CQDemoKit/Demo_Resource
  - CQDemoKit/Helper (0.8.0)
  - CQDemoKit/Monitor (0.8.0)
  - libwebp (1.5.0):
    - libwebp/demux (= 1.5.0)
    - libwebp/mux (= 1.5.0)
    - libwebp/sharpyuv (= 1.5.0)
    - libwebp/webp (= 1.5.0)
  - libwebp/demux (1.5.0):
    - libwebp/webp
  - libwebp/mux (1.5.0):
    - libwebp/demux
  - libwebp/sharpyuv (1.5.0)
  - libwebp/webp (1.5.0):
    - libwebp/sharpyuv
  - lottie-ios (4.6.1)
  - Masonry (1.1.0)
  - SDWebImage (5.20.0):
    - SDWebImage/Core (= 5.20.0)
  - SDWebImage/Core (5.20.0)
  - SDWebImageWebPCoder (0.15.0):
    - libwebp (~> 1.0)
    - SDWebImage/Core (~> 5.17)
  - SnapKit (5.7.1)
  - SSZipArchive (2.6.0)
  - SVGKit (3.0.0):
    - CocoaLumberjack (~> 3.0)
  - SwiftDraw (0.18.0)
  - SwiftSVG (2.3.2)
  - SwiftyJSON (5.0.2)
  - SwingAnimation (1.0.0)

DEPENDENCIES:
  - CJAnimationKit-Swift
  - CJImageKit-Swift
  - CJViewElement-Swift
  - CJViewElement-Swift/CommonSettingRow
  - CJWidgetKit-Swift
  - CQDemoKit-Swift
  - CQDemoKit/BaseVC (~> 0.8.0)
  - lottie-ios
  - SDWebImage (~> 5.20.0)
  - SDWebImageWebPCoder
  - SnapKit
  - SSZipArchive
  - SVGKit (~> 3.0.0)
  - SwiftDraw (~> 0.18.0)
  - SwiftSVG (~> 2.3.2)
  - SwiftyJSON
  - SwingAnimation

SPEC REPOS:
  https://gitee.com/dvlproad/dvlproadSpecs:
    - CJImageKit-Swift
    - CJWidgetKit-Swift
  https://github.com/CocoaPods/Specs.git:
    - CJAnimationKit-Swift
    - CJViewElement-Swift
    - CocoaLumberjack
    - CQDemoKit
    - CQDemoKit-Swift
    - libwebp
    - lottie-ios
    - Masonry
    - SDWebImage
    - SDWebImageWebPCoder
    - SnapKit
    - SSZipArchive
    - SVGKit
    - SwiftDraw
    - SwiftSVG
    - SwiftyJSON
    - SwingAnimation

SPEC CHECKSUMS:
  CJAnimationKit-Swift: 1df31e99f8d8561b49eb60b5fa400edda24f40d8
  CJImageKit-Swift: cddebbdb6905a1f92bb032a57030f24662c0b0bd
  CJViewElement-Swift: b91ce13dec653ce1842751102d899be5ea474993
  CJWidgetKit-Swift: 7a82b890ac27cc528b1c077c49669a659e1cd8ab
  CocoaLumberjack: 6a459bc897d6d80bd1b8c78482ec7ad05dffc3f0
  CQDemoKit: 1fea1039a960befe72d4452ff17827e2828b9501
  CQDemoKit-Swift: 28d06bf24cbcc84c9651e0ffe607bffdd57863b6
  libwebp: 02b23773aedb6ff1fd38cec7a77b81414c6842a8
  lottie-ios: 6467ca7035120c5b0e0acee58bb679cf15875686
  Masonry: 678fab65091a9290e40e2832a55e7ab731aad201
  SDWebImage: 73c6079366fea25fa4bb9640d5fb58f0893facd8
  SDWebImageWebPCoder: 0e06e365080397465cc73a7a9b472d8a3bd0f377
  SnapKit: d612e99e678a2d3b95bf60b0705ed0a35c03484a
  SSZipArchive: 8a6ee5677c8e304bebc109e39cf0da91ccef22ea
  SVGKit: 1ad7513f8c74d9652f94ed64ddecda1a23864dea
  SwiftDraw: f63484562ddd30d9682b5576acc1d98acc2bec8f
  SwiftSVG: ca7f64e403b8ea7ea8eba8c823b83ba4a059834c
  SwiftyJSON: f5b1bf1cd8dd53cd25887ac0eabcfd92301c6a5a
  SwingAnimation: 437612f2dc31dc9493413dd424502ba6e18c8b6d

PODFILE CHECKSUM: 8062ec75d118cf2aa7d92c5d2234a7d2b5ffd7c3

COCOAPODS: 1.16.2
